
Microsoft Visual Studio Solution File, Format Version 12.00
# Visual Studio Version 17
VisualStudioVersion = 17.5.002.0
MinimumVisualStudioVersion = 10.0.40219.1
Project("{9A19103F-16F7-4668-BE54-9A1E7A4F7556}") = "string-operation", "string-operation.csproj", "{603BDF99-8E61-432B-92A8-3C0DD6CC5497}"
EndProject
Global
	GlobalSection(SolutionConfigurationPlatforms) = preSolution
		Debug|Any CPU = Debug|Any CPU
		Release|Any CPU = Release|Any CPU
	EndGlobalSection
	GlobalSection(ProjectConfigurationPlatforms) = postSolution
		{603BDF99-8E61-432B-92A8-3C0DD6CC5497}.Debug|Any CPU.ActiveCfg = Debug|Any CPU
		{603BDF99-8E61-432B-92A8-3C0DD6CC5497}.Debug|Any CPU.Build.0 = Debug|Any CPU
		{603BDF99-8E61-432B-92A8-3C0DD6CC5497}.Release|Any CPU.ActiveCfg = Release|Any CPU
		{603BDF99-8E61-432B-92A8-3C0DD6CC5497}.Release|Any CPU.Build.0 = Release|Any CPU
	EndGlobalSection
	GlobalSection(SolutionProperties) = preSolution
		HideSolutionNode = FALSE
	EndGlobalSection
	GlobalSection(ExtensibilityGlobals) = postSolution
		SolutionGuid = {77DC87AC-7DA1-4909-9375-C469CC82363D}
	EndGlobalSection
EndGlobal
